<?xml version="1.0" encoding="utf-8"?>
<Project ToolsVersion="4.0" xmlns="http://schemas.microsoft.com/developer/msbuild/2003">
  <ItemGroup>
    <Filter Include="Assets">
      <UniqueIdentifier>{f899dd62-d3c6-4589-9840-6ec0b0adcec3}</UniqueIdentifier>
      <Extensions>qml;js;jpg;png;gif;amd</Extensions>
    </Filter>
    <Filter Include="Config Files">
      <UniqueIdentifier>{9da5a3b1-9a49-493a-81c7-11b42d421dd1}</UniqueIdentifier>
      <Extensions>pri;pro;xml</Extensions>
    </Filter>
    <Filter Include="Source Files">
      <UniqueIdentifier>{16820b54-58df-4141-8d48-836fd38aa377}</UniqueIdentifier>
      <Extensions>cpp;c;cc;cxx;def;bat;h;hpp;hxx;hm;inl;inc;xsd</Extensions>
    </Filter>
    <Filter Include="Translations">
      <UniqueIdentifier>{27add3cc-1536-4e91-97fc-36b29b5df337}</UniqueIdentifier>
      <Extensions>ts;qm</Extensions>
    </Filter>
  </ItemGroup>
  <ItemGroup>
    <None Include="bar-descriptor.xml">
      <Filter>Config Files</Filter>
    </None>
    <None Include="button.png">
      <Filter>Assets</Filter>
    </None>
    <None Include="icon.png">
      <Filter>Assets</Filter>
    </None>
    <None Include="LICENSE" />
    <None Include="NOTICE" />
  </ItemGroup>
  <ItemGroup>
    <ClCompile Include="bbutil.c">
      <Filter>Source Files</Filter>
    </ClCompile>
    <ClCompile Include="identity.c">
      <Filter>Source Files</Filter>
    </ClCompile>
    <ClCompile Include="main.c">
      <Filter>Source Files</Filter>
    </ClCompile>
  </ItemGroup>
  <ItemGroup>
    <ClInclude Include="bbutil.h">
      <Filter>Source Files</Filter>
    </ClInclude>
    <ClInclude Include="identity.h">
      <Filter>Source Files</Filter>
    </ClInclude>
  </ItemGroup>
</Project>