<?xml version="1.0" encoding="utf-8"?>
<Project ToolsVersion="4.0" xmlns="http://schemas.microsoft.com/developer/msbuild/2003">
  <ItemGroup>
    <Filter Include="Assets">
      <UniqueIdentifier>{a4890515-512f-4e40-bd2f-cf6388f6dcd9}</UniqueIdentifier>
      <Extensions>qml;js;jpg;png;gif;amd</Extensions>
    </Filter>
    <Filter Include="Config Files">
      <UniqueIdentifier>{324c2a17-4cfe-44fc-9e0b-8b4c5c67c72b}</UniqueIdentifier>
      <Extensions>pri;pro;xml</Extensions>
    </Filter>
    <Filter Include="Source Files">
      <UniqueIdentifier>{6809feac-c31e-4200-8e54-3d6fe7a9bd64}</UniqueIdentifier>
      <Extensions>cpp;c;cc;cxx;def;bat;h;hpp;hxx;hm;inl;inc;xsd</Extensions>
    </Filter>
    <Filter Include="Translations">
      <UniqueIdentifier>{c817169a-ff03-4e5a-920a-ade41ecf9761}</UniqueIdentifier>
      <Extensions>ts;qm</Extensions>
    </Filter>
  </ItemGroup>
  <ItemGroup>
    <None Include="bar-descriptor.xml">
      <Filter>Config Files</Filter>
    </None>
    <None Include="icon.png">
      <Filter>Assets</Filter>
    </None>
    <None Include="LICENSE" />
    <None Include="NOTICE" />
    <None Include="readme.txt" />
  </ItemGroup>
  <ItemGroup>
    <ClCompile Include="main.c">
      <Filter>Source Files</Filter>
    </ClCompile>
  </ItemGroup>
</Project>